
Microsoft Visual Studio Solution File, Format Version 11.00
# Visual C# Express 2010
Project("{FAE04EC0-301F-11D3-BF4B-00C04F79EFBC}") = "GloveCSharpSampleApp", "GloveCSharpSampleApp\GloveCSharpSampleApp.csproj", "{1AAEE34D-BC98-44AE-86F2-5585C34A308C}"
EndProject
Global
	GlobalSection(SolutionConfigurationPlatforms) = preSolution
		Debug|Any CPU = Debug|Any CPU
		Release|Any CPU = Release|Any CPU
	EndGlobalSection
	GlobalSection(ProjectConfigurationPlatforms) = postSolution
		{1AAEE34D-BC98-44AE-86F2-5585C34A308C}.Debug|Any CPU.ActiveCfg = Debug|Any CPU
		{1AAEE34D-BC98-44AE-86F2-5585C34A308C}.Debug|Any CPU.Build.0 = Debug|Any CPU
		{1AAEE34D-BC98-44AE-86F2-5585C34A308C}.Release|Any CPU.ActiveCfg = Release|Any CPU
		{1AAEE34D-BC98-44AE-86F2-5585C34A308C}.Release|Any CPU.Build.0 = Release|Any CPU
	EndGlobalSection
	GlobalSection(SolutionProperties) = preSolution
		HideSolutionNode = FALSE
	EndGlobalSection
EndGlobal
